
Microsoft Visual Studio Solution File, Format Version 12.00
# Visual Studio 15
VisualStudioVersion = 15.0.28010.2036
MinimumVisualStudioVersion = 10.0.40219.1
Project("{FAE04EC0-301F-11D3-BF4B-00C04F79EFBC}") = "Interaction", "src\Interaction\Interaction.csproj", "{024FF546-C4F7-4D60-ACDB-10D203F356EC}"
EndProject
Project("{FAE04EC0-301F-11D3-BF4B-00C04F79EFBC}") = "Demo", "src\Demo\Demo.csproj", "{ECA33556-09F0-4E52-9316-78941F6E5B52}"
EndProject
Global
	GlobalSection(SolutionConfigurationPlatforms) = preSolution
		Debug|x86 = Debug|x86
		Release|x86 = Release|x86
	EndGlobalSection
	GlobalSection(ProjectConfigurationPlatforms) = postSolution
		{024FF546-C4F7-4D60-ACDB-10D203F356EC}.Debug|x86.ActiveCfg = Debug|x86
		{024FF546-C4F7-4D60-ACDB-10D203F356EC}.Debug|x86.Build.0 = Debug|x86
		{024FF546-C4F7-4D60-ACDB-10D203F356EC}.Release|x86.ActiveCfg = Release|x86
		{024FF546-C4F7-4D60-ACDB-10D203F356EC}.Release|x86.Build.0 = Release|x86
		{ECA33556-09F0-4E52-9316-78941F6E5B52}.Debug|x86.ActiveCfg = Debug|x86
		{ECA33556-09F0-4E52-9316-78941F6E5B52}.Debug|x86.Build.0 = Debug|x86
		{ECA33556-09F0-4E52-9316-78941F6E5B52}.Release|x86.ActiveCfg = Release|x86
		{ECA33556-09F0-4E52-9316-78941F6E5B52}.Release|x86.Build.0 = Release|x86
	EndGlobalSection
	GlobalSection(SolutionProperties) = preSolution
		HideSolutionNode = FALSE
	EndGlobalSection
	GlobalSection(ExtensibilityGlobals) = postSolution
		SolutionGuid = {C604AB6B-D7F8-4111-A2C6-98252DCFAD8A}
	EndGlobalSection
EndGlobal
